// !$*UTF8*$!
{
	archiveVersion = 1;
	classes = {
	};
	objectVersion = 48;
	objects = {

/* Begin PBXBuildFile section */
		A10D86CD1FE6EDBC00194634 /* AppDelegate.swift in Sources */ = {isa = PBXBuildFile; fileRef = A10D86CC1FE6EDBC00194634 /* AppDelegate.swift */; };
		A10D86CF1FE6EDBC00194634 /* ViewController.swift in Sources */ = {isa = PBXBuildFile; fileRef = A10D86CE1FE6EDBC00194634 /* ViewController.swift */; };
		A10D86D21FE6EDBC00194634 /* Main.storyboard in Resources */ = {isa = PBXBuildFile; fileRef = A10D86D01FE6EDBC00194634 /* Main.storyboard */; };
		A10D86D41FE6EDBC00194634 /* Assets.xcassets in Resources */ = {isa = PBXBuildFile; fileRef = A10D86D31FE6EDBC00194634 /* Assets.xcassets */; };
		A10D86D71FE6EDBC00194634 /* LaunchScreen.storyboard in Resources */ = {isa = PBXBuildFile; fileRef = A10D86D51FE6EDBC00194634 /* LaunchScreen.storyboard */; };
		A10D86E21FE6EDBC00194634 /* TipCalculatorTests.swift in Sources */ = {isa = PBXBuildFile; fileRef = A10D86E11FE6EDBC00194634 /* TipCalculatorTests.swift */; };
		A10D86ED1FE6EDBC00194634 /* TipCalculatorUITests.swift in Sources */ = {isa = PBXBuildFile; fileRef = A10D86EC1FE6EDBC00194634 /* TipCalculatorUITests.swift */; };
/* End PBXBuildFile section */

/* Begin PBXContainerItemProxy section */
		A10D86DE1FE6EDBC00194634 /* PBXContainerItemProxy */ = {
			isa = PBXContainerItemProxy;
			containerPortal = A10D86C11FE6EDBB00194634 /* Project object */;
			proxyType = 1;
			remoteGlobalIDString = A10D86C81FE6EDBC00194634;
			remoteInfo = TipCalculator;
		};
		A10D86E91FE6EDBC00194634 /* PBXContainerItemProxy */ = {
			isa = PBXContainerItemProxy;
			containerPortal = A10D86C11FE6EDBB00194634 /* Project object */;
			proxyType = 1;
			remoteGlobalIDString = A10D86C81FE6EDBC00194634;
			remoteInfo = TipCalculator;
		};
/* End PBXContainerItemProxy section */

/* Begin PBXFileReference section */
		A10D86C91FE6EDBC00194634 /* TipCalculator.app */ = {isa = PBXFileReference; explicitFileType = wrapper.application; includeInIndex = 0; path = TipCalculator.app; sourceTree = BUILT_PRODUCTS_DIR; };
		A10D86CC1FE6EDBC00194634 /* AppDelegate.swift */ = {isa = PBXFileReference; lastKnownFileType = sourcecode.swift; path = AppDelegate.swift; sourceTree = "<group>"; };
		A10D86CE1FE6EDBC00194634 /* ViewController.swift */ = {isa = PBXFileReference; lastKnownFileType = sourcecode.swift; path = ViewController.swift; sourceTree = "<group>"; };
		A10D86D11FE6EDBC00194634 /* Base */ = {isa = PBXFileReference; lastKnownFileType = file.storyboard; name = Base; path = Base.lproj/Main.storyboard; sourceTree = "<group>"; };
		A10D86D31FE6EDBC00194634 /* Assets.xcassets */ = {isa = PBXFileReference; lastKnownFileType = folder.assetcatalog; path = Assets.xcassets; sourceTree = "<group>"; };
		A10D86D61FE6EDBC00194634 /* Base */ = {isa = PBXFileReference; lastKnownFileType = file.storyboard; name = Base; path = Base.lproj/LaunchScreen.storyboard; sourceTree = "<group>"; };
		A10D86D81FE6EDBC00194634 /* Info.plist */ = {isa = PBXFileReference; lastKnownFileType = text.plist.xml; path = Info.plist; sourceTree = "<group>"; };
		A10D86DD1FE6EDBC00194634 /* TipCalculatorTests.xctest */ = {isa = PBXFileReference; explicitFileType = wrapper.cfbundle; includeInIndex = 0; path = TipCalculatorTests.xctest; sourceTree = BUILT_PRODUCTS_DIR; };
		A10D86E11FE6EDBC00194634 /* TipCalculatorTests.swift */ = {isa = PBXFileReference; lastKnownFileType = sourcecode.swift; path = TipCalculatorTests.swift; sourceTree = "<group>"; };
		A10D86E31FE6EDBC00194634 /* Info.plist */ = {isa = PBXFileReference; lastKnownFileType = text.plist.xml; path = Info.plist; sourceTree = "<group>"; };
		A10D86E81FE6EDBC00194634 /* TipCalculatorUITests.xctest */ = {isa = PBXFileReference; explicitFileType = wrapper.cfbundle; includeInIndex = 0; path = TipCalculatorUITests.xctest; sourceTree = BUILT_PRODUCTS_DIR; };
		A10D86EC1FE6EDBC00194634 /* TipCalculatorUITests.swift */ = {isa = PBXFileReference; lastKnownFileType = sourcecode.swift; path = TipCalculatorUITests.swift; sourceTree = "<group>"; };
		A10D86EE1FE6EDBC00194634 /* Info.plist */ = {isa = PBXFileReference; lastKnownFileType = text.plist.xml; path = Info.plist; sourceTree = "<group>"; };
/* End PBXFileReference section */

/* Begin PBXFrameworksBuildPhase section */
		A10D86C61FE6EDBC00194634 /* Frameworks */ = {
			isa = PBXFrameworksBuildPhase;
			buildActionMask = 2147483647;
			files = (
			);
			runOnlyForDeploymentPostprocessing = 0;
		};
		A10D86DA1FE6EDBC00194634 /* Frameworks */ = {
			isa = PBXFrameworksBuildPhase;
			buildActionMask = 2147483647;
			files = (
			);
			runOnlyForDeploymentPostprocessing = 0;
		};
		A10D86E51FE6EDBC00194634 /* Frameworks */ = {
			isa = PBXFrameworksBuildPhase;
			buildActionMask = 2147483647;
			files = (
			);
			runOnlyForDeploymentPostprocessing = 0;
		};
/* End PBXFrameworksBuildPhase section */

/* Begin PBXGroup section */
		A10D86C01FE6EDBB00194634 = {
			isa = PBXGroup;
			children = (
				A10D86CB1FE6EDBC00194634 /* TipCalculator */,
				A10D86E01FE6EDBC00194634 /* TipCalculatorTests */,
				A10D86EB1FE6EDBC00194634 /* TipCalculatorUITests */,
				A10D86CA1FE6EDBC00194634 /* Products */,
			);
			sourceTree = "<group>";
		};
		A10D86CA1FE6EDBC00194634 /* Products */ = {
			isa = PBXGroup;
			children = (
				A10D86C91FE6EDBC00194634 /* TipCalculator.app */,
				A10D86DD1FE6EDBC00194634 /* TipCalculatorTests.xctest */,
				A10D86E81FE6EDBC00194634 /* TipCalculatorUITests.xctest */,
			);
			name = Products;
			sourceTree = "<group>";
		};
		A10D86CB1FE6EDBC00194634 /* TipCalculator */ = {
			isa = PBXGroup;
			children = (
				A10D86CC1FE6EDBC00194634 /* AppDelegate.swift */,
				A10D86CE1FE6EDBC00194634 /* ViewController.swift */,
				A10D86D01FE6EDBC00194634 /* Main.storyboard */,
				A10D86D31FE6EDBC00194634 /* Assets.xcassets */,
				A10D86D51FE6EDBC00194634 /* LaunchScreen.storyboard */,
				A10D86D81FE6EDBC00194634 /* Info.plist */,
			);
			path = TipCalculator;
			sourceTree = "<group>";
		};
		A10D86E01FE6EDBC00194634 /* TipCalculatorTests */ = {
			isa = PBXGroup;
			children = (
				A10D86E11FE6EDBC00194634 /* TipCalculatorTests.swift */,
				A10D86E31FE6EDBC00194634 /* Info.plist */,
			);
			path = TipCalculatorTests;
			sourceTree = "<group>";
		};
		A10D86EB1FE6EDBC00194634 /* TipCalculatorUITests */ = {
			isa = PBXGroup;
			children = (
				A10D86EC1FE6EDBC00194634 /* TipCalculatorUITests.swift */,
				A10D86EE1FE6EDBC00194634 /* Info.plist */,
			);
			path = TipCalculatorUITests;
			sourceTree = "<group>";
		};
/* End PBXGroup section */

/* Begin PBXNativeTarget section */
		A10D86C81FE6EDBC00194634 /* TipCalculator */ = {
			isa = PBXNativeTarget;
			buildConfigurationList = A10D86F11FE6EDBC00194634 /* Build configuration list for PBXNativeTarget "TipCalculator" */;
			buildPhases = (
				A10D86C51FE6EDBC00194634 /* Sources */,
				A10D86C61FE6EDBC00194634 /* Frameworks */,
				A10D86C71FE6EDBC00194634 /* Resources */,
			);
			buildRules = (
			);
			dependencies = (
			);
			name = TipCalculator;
			productName = TipCalculator;
			productReference = A10D86C91FE6EDBC00194634 /* TipCalculator.app */;
			productType = "com.apple.product-type.application";
		};
		A10D86DC1FE6EDBC00194634 /* TipCalculatorTests */ = {
			isa = PBXNativeTarget;
			buildConfigurationList = A10D86F41FE6EDBC00194634 /* Build configuration list for PBXNativeTarget "TipCalculatorTests" */;
			buildPhases = (
				A10D86D91FE6EDBC00194634 /* Sources */,
				A10D86DA1FE6EDBC00194634 /* Frameworks */,
				A10D86DB1FE6EDBC00194634 /* Resources */,
			);
			buildRules = (
			);
			dependencies = (
				A10D86DF1FE6EDBC00194634 /* PBXTargetDependency */,
			);
			name = TipCalculatorTests;
			productName = TipCalculatorTests;
			productReference = A10D86DD1FE6EDBC00194634 /* TipCalculatorTests.xctest */;
			productType = "com.apple.product-type.bundle.unit-test";
		};
		A10D86E71FE6EDBC00194634 /* TipCalculatorUITests */ = {
			isa = PBXNativeTarget;
			buildConfigurationList = A10D86F71FE6EDBC00194634 /* Build configuration list for PBXNativeTarget "TipCalculatorUITests" */;
			buildPhases = (
				A10D86E41FE6EDBC00194634 /* Sources */,
				A10D86E51FE6EDBC00194634 /* Frameworks */,
				A10D86E61FE6EDBC00194634 /* Resources */,
			);
			buildRules = (
			);
			dependencies = (
				A10D86EA1FE6EDBC00194634 /* PBXTargetDependency */,
			);
			name = TipCalculatorUITests;
			productName = TipCalculatorUITests;
			productReference = A10D86E81FE6EDBC00194634 /* TipCalculatorUITests.xctest */;
			productType = "com.apple.product-type.bundle.ui-testing";
		};
/* End PBXNativeTarget section */

/* Begin PBXProject section */
		A10D86C11FE6EDBB00194634 /* Project object */ = {
			isa = PBXProject;
			attributes = {
				LastSwiftUpdateCheck = 0920;
				LastUpgradeCheck = 0920;
				ORGANIZATIONNAME = "Jasmine Edwards";
				TargetAttributes = {
					A10D86C81FE6EDBC00194634 = {
						CreatedOnToolsVersion = 9.2;
						ProvisioningStyle = Automatic;
					};
					A10D86DC1FE6EDBC00194634 = {
						CreatedOnToolsVersion = 9.2;
						ProvisioningStyle = Automatic;
						TestTargetID = A10D86C81FE6EDBC00194634;
					};
					A10D86E71FE6EDBC00194634 = {
						CreatedOnToolsVersion = 9.2;
						ProvisioningStyle = Automatic;
						TestTargetID = A10D86C81FE6EDBC00194634;
					};
				};
			};
			buildConfigurationList = A10D86C41FE6EDBB00194634 /* Build configuration list for PBXProject "TipCalculator" */;
			compatibilityVersion = "Xcode 8.0";
			developmentRegion = en;
			hasScannedForEncodings = 0;
			knownRegions = (
				en,
				Base,
			);
			mainGroup = A10D86C01FE6EDBB00194634;
			productRefGroup = A10D86CA1FE6EDBC00194634 /* Products */;
			projectDirPath = "";
			projectRoot = "";
			targets = (
				A10D86C81FE6EDBC00194634 /* TipCalculator */,
				A10D86DC1FE6EDBC00194634 /* TipCalculatorTests */,
				A10D86E71FE6EDBC00194634 /* TipCalculatorUITests */,
			);
		};
/* End PBXProject section */

/* Begin PBXResourcesBuildPhase section */
		A10D86C71FE6EDBC00194634 /* Resources */ = {
			isa = PBXResourcesBuildPhase;
			buildActionMask = 2147483647;
			files = (
				A10D86D71FE6EDBC00194634 /* LaunchScreen.storyboard in Resources */,
				A10D86D41FE6EDBC00194634 /* Assets.xcassets in Resources */,
				A10D86D21FE6EDBC00194634 /* Main.storyboard in Resources */,
			);
			runOnlyForDeploymentPostprocessing = 0;
		};
		A10D86DB1FE6EDBC00194634 /* Resources */ = {
			isa = PBXResourcesBuildPhase;
			buildActionMask = 2147483647;
			files = (
			);
			runOnlyForDeploymentPostprocessing = 0;
		};
		A10D86E61FE6EDBC00194634 /* Resources */ = {
			isa = PBXResourcesBuildPhase;
			buildActionMask = 2147483647;
			files = (
			);
			runOnlyForDeploymentPostprocessing = 0;
		};
/* End PBXResourcesBuildPhase section */

/* Begin PBXSourcesBuildPhase section */
		A10D86C51FE6EDBC00194634 /* Sources */ = {
			isa = PBXSourcesBuildPhase;
			buildActionMask = 2147483647;
			files = (
				A10D86CF1FE6EDBC00194634 /* ViewController.swift in Sources */,
				A10D86CD1FE6EDBC00194634 /* AppDelegate.swift in Sources */,
			);
			runOnlyForDeploymentPostprocessing = 0;
		};
		A10D86D91FE6EDBC00194634 /* Sources */ = {
			isa = PBXSourcesBuildPhase;
			buildActionMask = 2147483647;
			files = (
				A10D86E21FE6EDBC00194634 /* TipCalculatorTests.swift in Sources */,
			);
			runOnlyForDeploymentPostprocessing = 0;
		};
		A10D86E41FE6EDBC00194634 /* Sources */ = {
			isa = PBXSourcesBuildPhase;
			buildActionMask = 2147483647;
			files = (
				A10D86ED1FE6EDBC00194634 /* TipCalculatorUITests.swift in Sources */,
			);
			runOnlyForDeploymentPostprocessing = 0;
		};
/* End PBXSourcesBuildPhase section */

/* Begin PBXTargetDependency section */
		A10D86DF1FE6EDBC00194634 /* PBXTargetDependency */ = {
			isa = PBXTargetDependency;
			target = A10D86C81FE6EDBC00194634 /* TipCalculator */;
			targetProxy = A10D86DE1FE6EDBC00194634 /* PBXContainerItemProxy */;
		};
		A10D86EA1FE6EDBC00194634 /* PBXTargetDependency */ = {
			isa = PBXTargetDependency;
			target = A10D86C81FE6EDBC00194634 /* TipCalculator */;
			targetProxy = A10D86E91FE6EDBC00194634 /* PBXContainerItemProxy */;
		};
/* End PBXTargetDependency section */

/* Begin PBXVariantGroup section */
		A10D86D01FE6EDBC00194634 /* Main.storyboard */ = {
			isa = PBXVariantGroup;
			children = (
				A10D86D11FE6EDBC00194634 /* Base */,
			);
			name = Main.storyboard;
			sourceTree = "<group>";
		};
		A10D86D51FE6EDBC00194634 /* LaunchScreen.storyboard */ = {
			isa = PBXVariantGroup;
			children = (
				A10D86D61FE6EDBC00194634 /* Base */,
			);
			name = LaunchScreen.storyboard;
			sourceTree = "<group>";
		};
/* End PBXVariantGroup section */

/* Begin XCBuildConfiguration section */
		A10D86EF1FE6EDBC00194634 /* Debug */ = {
			isa = XCBuildConfiguration;
			buildSettings = {
				ALWAYS_SEARCH_USER_PATHS = NO;
				CLANG_ANALYZER_NONNULL = YES;
				CLANG_ANALYZER_NUMBER_OBJECT_CONVERSION = YES_AGGRESSIVE;
				CLANG_CXX_LANGUAGE_STANDARD = "gnu++14";
				CLANG_CXX_LIBRARY = "libc++";
				CLANG_ENABLE_MODULES = YES;
				CLANG_ENABLE_OBJC_ARC = YES;
				CLANG_WARN_BLOCK_CAPTURE_AUTORELEASING = YES;
				CLANG_WARN_BOOL_CONVERSION = YES;
				CLANG_WARN_COMMA = YES;
				CLANG_WARN_CONSTANT_CONVERSION = YES;
				CLANG_WARN_DIRECT_OBJC_ISA_USAGE = YES_ERROR;
				CLANG_WARN_DOCUMENTATION_COMMENTS = YES;
				CLANG_WARN_EMPTY_BODY = YES;
				CLANG_WARN_ENUM_CONVERSION = YES;
				CLANG_WARN_INFINITE_RECURSION = YES;
				CLANG_WARN_INT_CONVERSION = YES;
				CLANG_WARN_NON_LITERAL_NULL_CONVERSION = YES;
				CLANG_WARN_OBJC_LITERAL_CONVERSION = YES;
				CLANG_WARN_OBJC_ROOT_CLASS = YES_ERROR;
				CLANG_WARN_RANGE_LOOP_ANALYSIS = YES;
				CLANG_WARN_STRICT_PROTOTYPES = YES;
				CLANG_WARN_SUSPICIOUS_MOVE = YES;
				CLANG_WARN_UNGUARDED_AVAILABILITY = YES_AGGRESSIVE;
				CLANG_WARN_UNREACHABLE_CODE = YES;
				CLANG_WARN__DUPLICATE_METHOD_MATCH = YES;
				CODE_SIGN_IDENTITY = "iPhone Developer";
				COPY_PHASE_STRIP = NO;
				DEBUG_INFORMATION_FORMAT = dwarf;
				ENABLE_STRICT_OBJC_MSGSEND = YES;
				ENABLE_TESTABILITY = YES;
				GCC_C_LANGUAGE_STANDARD = gnu11;
				GCC_DYNAMIC_NO_PIC = NO;
				GCC_NO_COMMON_BLOCKS = YES;
				GCC_OPTIMIZATION_LEVEL = 0;
				GCC_PREPROCESSOR_DEFINITIONS = (
					"DEBUG=1",
					"$(inherited)",
				);
				GCC_WARN_64_TO_32_BIT_CONVERSION = YES;
				GCC_WARN_ABOUT_RETURN_TYPE = YES_ERROR;
				GCC_WARN_UNDECLARED_SELECTOR = YES;
				GCC_WARN_UNINITIALIZED_AUTOS = YES_AGGRESSIVE;
				GCC_WARN_UNUSED_FUNCTION = YES;
				GCC_WARN_UNUSED_VARIABLE = YES;
				IPHONEOS_DEPLOYMENT_TARGET = 11.2;
				MTL_ENABLE_DEBUG_INFO = YES;
				ONLY_ACTIVE_ARCH = YES;
				SDKROOT = iphoneos;
				SWIFT_ACTIVE_COMPILATION_CONDITIONS = DEBUG;
				SWIFT_OPTIMIZATION_LEVEL = "-Onone";
			};
			name = Debug;
		};
		A10D86F01FE6EDBC00194634 /* Release */ = {
			isa = XCBuildConfiguration;
			buildSettings = {
				ALWAYS_SEARCH_USER_PATHS = NO;
				CLANG_ANALYZER_NONNULL = YES;
				CLANG_ANALYZER_NUMBER_OBJECT_CONVERSION = YES_AGGRESSIVE;
				CLANG_CXX_LANGUAGE_STANDARD = "gnu++14";
				CLANG_CXX_LIBRARY = "libc++";
				CLANG_ENABLE_MODULES = YES;
				CLANG_ENABLE_OBJC_ARC = YES;
				CLANG_WARN_BLOCK_CAPTURE_AUTORELEASING = YES;
				CLANG_WARN_BOOL_CONVERSION = YES;
				CLANG_WARN_COMMA = YES;
				CLANG_WARN_CONSTANT_CONVERSION = YES;
				CLANG_WARN_DIRECT_OBJC_ISA_USAGE = YES_ERROR;
				CLANG_WARN_DOCUMENTATION_COMMENTS = YES;
				CLANG_WARN_EMPTY_BODY = YES;
				CLANG_WARN_ENUM_CONVERSION = YES;
				CLANG_WARN_INFINITE_RECURSION = YES;
				CLANG_WARN_INT_CONVERSION = YES;
				CLANG_WARN_NON_LITERAL_NULL_CONVERSION = YES;
				CLANG_WARN_OBJC_LITERAL_CONVERSION = YES;
				CLANG_WARN_OBJC_ROOT_CLASS = YES_ERROR;
				CLANG_WARN_RANGE_LOOP_ANALYSIS = YES;
				CLANG_WARN_STRICT_PROTOTYPES = YES;
				CLANG_WARN_SUSPICIOUS_MOVE = YES;
				CLANG_WARN_UNGUARDED_AVAILABILITY = YES_AGGRESSIVE;
				CLANG_WARN_UNREACHABLE_CODE = YES;
				CLANG_WARN__DUPLICATE_METHOD_MATCH = YES;
				CODE_SIGN_IDENTITY = "iPhone Developer";
				COPY_PHASE_STRIP = NO;
				DEBUG_INFORMATION_FORMAT = "dwarf-with-dsym";
				ENABLE_NS_ASSERTIONS = NO;
				ENABLE_STRICT_OBJC_MSGSEND = YES;
				GCC_C_LANGUAGE_STANDARD = gnu11;
				GCC_NO_COMMON_BLOCKS = YES;
				GCC_WARN_64_TO_32_BIT_CONVERSION = YES;
				GCC_WARN_ABOUT_RETURN_TYPE = YES_ERROR;
				GCC_WARN_UNDECLARED_SELECTOR = YES;
				GCC_WARN_UNINITIALIZED_AUTOS = YES_AGGRESSIVE;
				GCC_WARN_UNUSED_FUNCTION = YES;
				GCC_WARN_UNUSED_VARIABLE = YES;
				IPHONEOS_DEPLOYMENT_TARGET = 11.2;
				MTL_ENABLE_DEBUG_INFO = NO;
				SDKROOT = iphoneos;
				SWIFT_OPTIMIZATION_LEVEL = "-Owholemodule";
				VALIDATE_PRODUCT = YES;
			};
			name = Release;
		};
		A10D86F21FE6EDBC00194634 /* Debug */ = {
			isa = XCBuildConfiguration;
			buildSettings = {
				ASSETCATALOG_COMPILER_APPICON_NAME = AppIcon;
				"CODE_SIGN_IDENTITY[sdk=iphoneos*]" = "iPhone Developer";
				CODE_SIGN_STYLE = Automatic;
				DEVELOPMENT_TEAM = 2R9K86BYBP;
				INFOPLIST_FILE = TipCalculator/Info.plist;
				LD_RUNPATH_SEARCH_PATHS = "$(inherited) @executable_path/Frameworks";
				PRODUCT_BUNDLE_IDENTIFIER = Morgan.TipCalculator;
				PRODUCT_NAME = "$(TARGET_NAME)";
				PROVISIONING_PROFILE_SPECIFIER = "";
				SWIFT_VERSION = 4.0;
				TARGETED_DEVICE_FAMILY = 1;
			};
			name = Debug;
		};
		A10D86F31FE6EDBC00194634 /* Release */ = {
			isa = XCBuildConfiguration;
			buildSettings = {
				ASSETCATALOG_COMPILER_APPICON_NAME = AppIcon;
				"CODE_SIGN_IDENTITY[sdk=iphoneos*]" = "iPhone Developer";
				CODE_SIGN_STYLE = Automatic;
				DEVELOPMENT_TEAM = 2R9K86BYBP;
				INFOPLIST_FILE = TipCalculator/Info.plist;
				LD_RUNPATH_SEARCH_PATHS = "$(inherited) @executable_path/Frameworks";
				PRODUCT_BUNDLE_IDENTIFIER = Morgan.TipCalculator;
				PRODUCT_NAME = "$(TARGET_NAME)";
				PROVISIONING_PROFILE_SPECIFIER = "";
				SWIFT_VERSION = 4.0;
				TARGETED_DEVICE_FAMILY = 1;
			};
			name = Release;
		};
		A10D86F51FE6EDBC00194634 /* Debug */ = {
			isa = XCBuildConfiguration;
			buildSettings = {
				ALWAYS_EMBED_SWIFT_STANDARD_LIBRARIES = YES;
				BUNDLE_LOADER = "$(TEST_HOST)";
				CODE_SIGN_STYLE = Automatic;
				INFOPLIST_FILE = TipCalculatorTests/Info.plist;
				LD_RUNPATH_SEARCH_PATHS = "$(inherited) @executable_path/Frameworks @loader_path/Frameworks";
				PRODUCT_BUNDLE_IDENTIFIER = Morgan.TipCalculatorTests;
				PRODUCT_NAME = "$(TARGET_NAME)";
				SWIFT_VERSION = 4.0;
				TARGETED_DEVICE_FAMILY = "1,2";
				TEST_HOST = "$(BUILT_PRODUCTS_DIR)/TipCalculator.app/TipCalculator";
			};
			name = Debug;
		};
		A10D86F61FE6EDBC00194634 /* Release */ = {
			isa = XCBuildConfiguration;
			buildSettings = {
				ALWAYS_EMBED_SWIFT_STANDARD_LIBRARIES = YES;
				BUNDLE_LOADER = "$(TEST_HOST)";
				CODE_SIGN_STYLE = Automatic;
				INFOPLIST_FILE = TipCalculatorTests/Info.plist;
				LD_RUNPATH_SEARCH_PATHS = "$(inherited) @executable_path/Frameworks @loader_path/Frameworks";
				PRODUCT_BUNDLE_IDENTIFIER = Morgan.TipCalculatorTests;
				PRODUCT_NAME = "$(TARGET_NAME)";
				SWIFT_VERSION = 4.0;
				TARGETED_DEVICE_FAMILY = "1,2";
				TEST_HOST = "$(BUILT_PRODUCTS_DIR)/TipCalculator.app/TipCalculator";
			};
			name = Release;
		};
		A10D86F81FE6EDBC00194634 /* Debug */ = {
			isa = XCBuildConfiguration;
			buildSettings = {
				ALWAYS_EMBED_SWIFT_STANDARD_LIBRARIES = YES;
				CODE_SIGN_STYLE = Automatic;
				INFOPLIST_FILE = TipCalculatorUITests/Info.plist;
				LD_RUNPATH_SEARCH_PATHS = "$(inherited) @executable_path/Frameworks @loader_path/Frameworks";
				PRODUCT_BUNDLE_IDENTIFIER = Morgan.TipCalculatorUITests;
				PRODUCT_NAME = "$(TARGET_NAME)";
				SWIFT_VERSION = 4.0;
				TARGETED_DEVICE_FAMILY = "1,2";
				TEST_TARGET_NAME = TipCalculator;
			};
			name = Debug;
		};
		A10D86F91FE6EDBC00194634 /* Release */ = {
			isa = XCBuildConfiguration;
			buildSettings = {
				ALWAYS_EMBED_SWIFT_STANDARD_LIBRARIES = YES;
				CODE_SIGN_STYLE = Automatic;
				INFOPLIST_FILE = TipCalculatorUITests/Info.plist;
				LD_RUNPATH_SEARCH_PATHS = "$(inherited) @executable_path/Frameworks @loader_path/Frameworks";
				PRODUCT_BUNDLE_IDENTIFIER = Morgan.TipCalculatorUITests;
				PRODUCT_NAME = "$(TARGET_NAME)";
				SWIFT_VERSION = 4.0;
				TARGETED_DEVICE_FAMILY = "1,2";
				TEST_TARGET_NAME = TipCalculator;
			};
			name = Release;
		};
/* End XCBuildConfiguration section */

/* Begin XCConfigurationList section */
		A10D86C41FE6EDBB00194634 /* Build configuration list for PBXProject "TipCalculator" */ = {
			isa = XCConfigurationList;
			buildConfigurations = (
				A10D86EF1FE6EDBC00194634 /* Debug */,
				A10D86F01FE6EDBC00194634 /* Release */,
			);
			defaultConfigurationIsVisible = 0;
			defaultConfigurationName = Release;
		};
		A10D86F11FE6EDBC00194634 /* Build configuration list for PBXNativeTarget "TipCalculator" */ = {
			isa = XCConfigurationList;
			buildConfigurations = (
				A10D86F21FE6EDBC00194634 /* Debug */,
				A10D86F31FE6EDBC00194634 /* Release */,
			);
			defaultConfigurationIsVisible = 0;
			defaultConfigurationName = Release;
		};
		A10D86F41FE6EDBC00194634 /* Build configuration list for PBXNativeTarget "TipCalculatorTests" */ = {
			isa = XCConfigurationList;
			buildConfigurations = (
				A10D86F51FE6EDBC00194634 /* Debug */,
				A10D86F61FE6EDBC00194634 /* Release */,
			);
			defaultConfigurationIsVisible = 0;
			defaultConfigurationName = Release;
		};
		A10D86F71FE6EDBC00194634 /* Build configuration list for PBXNativeTarget "TipCalculatorUITests" */ = {
			isa = XCConfigurationList;
			buildConfigurations = (
				A10D86F81FE6EDBC00194634 /* Debug */,
				A10D86F91FE6EDBC00194634 /* Release */,
			);
			defaultConfigurationIsVisible = 0;
			defaultConfigurationName = Release;
		};
/* End XCConfigurationList section */
	};
	rootObject = A10D86C11FE6EDBB00194634 /* Project object */;
}
